schema: '2.0'
stages:
  evaluate:
    cmd: python src/evaluate_models.py
    deps:
    - path: data/features.csv
      hash: md5
      md5: d0ef784f6db0202fb2042bbf928aae10
      size: 9853
    - path: models/model_LR.pkl
      hash: md5
      md5: af4b642b810a3fc9f43b5a1bed232061
      size: 1285
    - path: models/model_RF.pkl
      hash: md5
      md5: 663c654dc8311ca099e1b2376cb3ab28
      size: 381033
  data:
    cmd: python src/prepare_data.py
    deps:
    - path: src/prepare_data.py
      hash: md5
      md5: 02cb8f8e9376e3171ab4750fb9d9e57e
      size: 682
    outs:
    - path: data/features.csv
      hash: md5
      md5: d0ef784f6db0202fb2042bbf928aae10
      size: 9853
  train_rf:
    cmd: python src/train_rf.py
    deps:
    - path: data/features.csv
      hash: md5
      md5: d0ef784f6db0202fb2042bbf928aae10
      size: 9853
  train_lr:
    cmd: python src/train_lr.py
    deps:
    - path: data/features.csv
      hash: md5
      md5: d0ef784f6db0202fb2042bbf928aae10
      size: 9853
