schema: '2.0'
stages:
  data:
    cmd: python src/prepare_data.py
    deps:
    - path: src/prepare_data.py
      hash: md5
      md5: 02cb8f8e9376e3171ab4750fb9d9e57e
      size: 682
    outs:
    - path: data/features.csv
      hash: md5
      md5: 9850f26e4f5c836eba6d17649af3b422
      size: 9885
  train_lr:
    cmd: python src/train_lr.py
    deps:
    - path: data/features.csv
      hash: md5
      md5: 9850f26e4f5c836eba6d17649af3b422
      size: 9885
  train_rf:
    cmd: python src/train_rf.py
    deps:
    - path: data/features.csv
      hash: md5
      md5: 9850f26e4f5c836eba6d17649af3b422
      size: 9885
  evaluate:
    cmd: python src/evaluate_models.py
    deps:
    - path: models/model_lr.pkl
      hash: md5
      md5: 7b044a5184b55df13b2d2f6dc31472b6
      size: 1285
    - path: models/model_rf.pkl
      hash: md5
      md5: 0257e91d495de98d911b3705a9c03ae4
      size: 388553
    outs:
    - path: reports/metrics_report.json
      hash: md5
      md5: db3527b7ab4de4b5a9f370faac646186
      size: 54
