schema: '2.0'
stages:
  data:
    cmd: python src/prepare_data.py
    deps:
    - path: src/prepare_data.py
      hash: md5
      md5: 02cb8f8e9376e3171ab4750fb9d9e57e
      size: 682
    outs:
    - path: data/features.csv
      hash: md5
      md5: 7903fb12a131909ea9907b2d4393f56b
      size: 9914
  train_lr:
    cmd: python src/train_lr.py
    deps:
    - path: data/features.csv
      hash: md5
      md5: 7903fb12a131909ea9907b2d4393f56b
      size: 9914
  train_rf:
    cmd: python src/train_rf.py
    deps:
    - path: data/features.csv
      hash: md5
      md5: 7903fb12a131909ea9907b2d4393f56b
      size: 9914
  evaluate:
    cmd: python src/evaluate_models.py
    deps:
    - path: models/model_lr.pkl
      hash: md5
      md5: b9745c0e0e94b27faf9579b3f6f93528
      size: 1285
    - path: models/model_rf.pkl
      hash: md5
      md5: 0257e91d495de98d911b3705a9c03ae4
      size: 388553
    outs:
    - path: reports/metrics_report.json
      hash: md5
      md5: 92dc0fa178e733e6933586d99f1b91e2
      size: 54
